
Microsoft Visual Studio Solution File, Format Version 12.00
# Visual Studio Version 16
VisualStudioVersion = 16.0.29230.47
MinimumVisualStudioVersion = 10.0.40219.1
Project("{FAE04EC0-301F-11D3-BF4B-00C04F79EFBC}") = "45", "45.csproj", "{2457A6B4-BFFA-4C1D-B9BD-F0802B3B0054}"
EndProject
Project("{FAE04EC0-301F-11D3-BF4B-00C04F79EFBC}") = "dz", "..\dz\dz.csproj", "{974E2983-35C2-434B-996A-A0B7B3058761}"
EndProject
Global
	GlobalSection(SolutionConfigurationPlatforms) = preSolution
		Debug|Any CPU = Debug|Any CPU
		Release|Any CPU = Release|Any CPU
	EndGlobalSection
	GlobalSection(ProjectConfigurationPlatforms) = postSolution
		{2457A6B4-BFFA-4C1D-B9BD-F0802B3B0054}.Debug|Any CPU.ActiveCfg = Debug|Any CPU
		{2457A6B4-BFFA-4C1D-B9BD-F0802B3B0054}.Debug|Any CPU.Build.0 = Debug|Any CPU
		{2457A6B4-BFFA-4C1D-B9BD-F0802B3B0054}.Release|Any CPU.ActiveCfg = Release|Any CPU
		{2457A6B4-BFFA-4C1D-B9BD-F0802B3B0054}.Release|Any CPU.Build.0 = Release|Any CPU
		{974E2983-35C2-434B-996A-A0B7B3058761}.Debug|Any CPU.ActiveCfg = Debug|Any CPU
		{974E2983-35C2-434B-996A-A0B7B3058761}.Debug|Any CPU.Build.0 = Debug|Any CPU
		{974E2983-35C2-434B-996A-A0B7B3058761}.Release|Any CPU.ActiveCfg = Release|Any CPU
		{974E2983-35C2-434B-996A-A0B7B3058761}.Release|Any CPU.Build.0 = Release|Any CPU
	EndGlobalSection
	GlobalSection(SolutionProperties) = preSolution
		HideSolutionNode = FALSE
	EndGlobalSection
	GlobalSection(ExtensibilityGlobals) = postSolution
		SolutionGuid = {115435DA-57C4-4F30-AE82-E8F6D5B098C0}
	EndGlobalSection
EndGlobal
